
Microsoft Visual Studio Solution File, Format Version 12.00
# Visual Studio Version 16
VisualStudioVersion = 16.0.30225.117
MinimumVisualStudioVersion = 10.0.40219.1
Project("{9A19103F-16F7-4668-BE54-9A1E7A4F7556}") = "InfoTrackSearcher", "InfoTrackSearcher\InfoTrackSearcher.csproj", "{F447B5C2-90AC-4D9E-AD52-6C65D1C886DB}"
EndProject
Project("{FAE04EC0-301F-11D3-BF4B-00C04F79EFBC}") = "SearcherTests", "SearcherTests\SearcherTests.csproj", "{311A7BE7-E9B3-4025-AADB-F29CBC6A0875}"
EndProject
Global
	GlobalSection(SolutionConfigurationPlatforms) = preSolution
		Debug|Any CPU = Debug|Any CPU
		Release|Any CPU = Release|Any CPU
	EndGlobalSection
	GlobalSection(ProjectConfigurationPlatforms) = postSolution
		{F447B5C2-90AC-4D9E-AD52-6C65D1C886DB}.Debug|Any CPU.ActiveCfg = Debug|Any CPU
		{F447B5C2-90AC-4D9E-AD52-6C65D1C886DB}.Debug|Any CPU.Build.0 = Debug|Any CPU
		{F447B5C2-90AC-4D9E-AD52-6C65D1C886DB}.Release|Any CPU.ActiveCfg = Release|Any CPU
		{F447B5C2-90AC-4D9E-AD52-6C65D1C886DB}.Release|Any CPU.Build.0 = Release|Any CPU
		{311A7BE7-E9B3-4025-AADB-F29CBC6A0875}.Debug|Any CPU.ActiveCfg = Debug|Any CPU
		{311A7BE7-E9B3-4025-AADB-F29CBC6A0875}.Debug|Any CPU.Build.0 = Debug|Any CPU
		{311A7BE7-E9B3-4025-AADB-F29CBC6A0875}.Release|Any CPU.ActiveCfg = Release|Any CPU
		{311A7BE7-E9B3-4025-AADB-F29CBC6A0875}.Release|Any CPU.Build.0 = Release|Any CPU
	EndGlobalSection
	GlobalSection(SolutionProperties) = preSolution
		HideSolutionNode = FALSE
	EndGlobalSection
	GlobalSection(ExtensibilityGlobals) = postSolution
		SolutionGuid = {83121F7D-5E49-48D4-AF12-A5FFE510319B}
	EndGlobalSection
EndGlobal
